
Microsoft Visual Studio Solution File, Format Version 12.00
# Visual Studio Version 17
VisualStudioVersion = 17.0.31903.59
MinimumVisualStudioVersion = 10.0.40219.1
Project("{2150E333-8FDC-42A3-9474-1A3956D46DE8}") = "src", "src", "{827E0CD3-B72D-47B6-A68D-7590B98EB39B}"
EndProject
Project("{FAE04EC0-301F-11D3-BF4B-00C04F79EFBC}") = "WorkFlo.Domain", "src\WorkFlo.Domain\WorkFlo.Domain.csproj", "{B061787B-490A-4F2F-8E7E-85C637D8C0EF}"
EndProject
Project("{FAE04EC0-301F-11D3-BF4B-00C04F79EFBC}") = "WorkFlo.Application", "src\WorkFlo.Application\WorkFlo.Application.csproj", "{4197CB7C-0F5E-49EB-9073-70BFD2C9D33C}"
EndProject
Project("{FAE04EC0-301F-11D3-BF4B-00C04F79EFBC}") = "WorkFlo.Infrastructure", "src\WorkFlo.Infrastructure\WorkFlo.Infrastructure.csproj", "{5FD6D379-3F14-4814-A46B-9C608963B1A6}"
EndProject
Project("{FAE04EC0-301F-11D3-BF4B-00C04F79EFBC}") = "WorkFlo.Contracts", "src\WorkFlo.Contracts\WorkFlo.Contracts.csproj", "{B4B69A4E-B194-484D-8AED-F784CFC49813}"
EndProject
Project("{FAE04EC0-301F-11D3-BF4B-00C04F79EFBC}") = "WorkFlo.Api", "src\WorkFlo.Api\WorkFlo.Api.csproj", "{6EF0329D-6FEE-48BA-AADE-2B6687009CDA}"
EndProject
Project("{FAE04EC0-301F-11D3-BF4B-00C04F79EFBC}") = "WorkFlo.Domain.Tests", "tests\WorkFlo.Domain.Tests\WorkFlo.Domain.Tests.csproj", "{6BF1C01B-39B4-4E36-BD57-94503D69B965}"
EndProject
Project("{FAE04EC0-301F-11D3-BF4B-00C04F79EFBC}") = "WorkFlo.Application.Tests", "tests\WorkFlo.Application.Tests\WorkFlo.Application.Tests.csproj", "{556BEAB1-6FBA-4652-BFA2-DF268A7A825E}"
EndProject
Project("{FAE04EC0-301F-11D3-BF4B-00C04F79EFBC}") = "WorkFlo.Api.Tests", "tests\WorkFlo.Api.Tests\WorkFlo.Api.Tests.csproj", "{94DB9669-8631-4782-A8AA-A22E71F70006}"
EndProject
Project("{FAE04EC0-301F-11D3-BF4B-00C04F79EFBC}") = "WorkFlo.Infrastructure.Tests", "tests\WorkFlo.Infrastructure.Tests\WorkFlo.Infrastructure.Tests.csproj", "{7CBF785B-1587-49EA-A5E2-51927C9BC90E}"
EndProject
Project("{FAE04EC0-301F-11D3-BF4B-00C04F79EFBC}") = "WorkFlo.Cli", "src\WorkFlo.Cli\WorkFlo.Cli.csproj", "{EB9050E7-4C61-4782-BE5C-1693D6022087}"
EndProject
Global
	GlobalSection(SolutionConfigurationPlatforms) = preSolution
		Debug|Any CPU = Debug|Any CPU
		Debug|x64 = Debug|x64
		Debug|x86 = Debug|x86
		Release|Any CPU = Release|Any CPU
		Release|x64 = Release|x64
		Release|x86 = Release|x86
	EndGlobalSection
	GlobalSection(ProjectConfigurationPlatforms) = postSolution
		{B061787B-490A-4F2F-8E7E-85C637D8C0EF}.Debug|Any CPU.ActiveCfg = Debug|Any CPU
		{B061787B-490A-4F2F-8E7E-85C637D8C0EF}.Debug|Any CPU.Build.0 = Debug|Any CPU
		{B061787B-490A-4F2F-8E7E-85C637D8C0EF}.Debug|x64.ActiveCfg = Debug|Any CPU
		{B061787B-490A-4F2F-8E7E-85C637D8C0EF}.Debug|x64.Build.0 = Debug|Any CPU
		{B061787B-490A-4F2F-8E7E-85C637D8C0EF}.Debug|x86.ActiveCfg = Debug|Any CPU
		{B061787B-490A-4F2F-8E7E-85C637D8C0EF}.Debug|x86.Build.0 = Debug|Any CPU
		{B061787B-490A-4F2F-8E7E-85C637D8C0EF}.Release|Any CPU.ActiveCfg = Release|Any CPU
		{B061787B-490A-4F2F-8E7E-85C637D8C0EF}.Release|Any CPU.Build.0 = Release|Any CPU
		{B061787B-490A-4F2F-8E7E-85C637D8C0EF}.Release|x64.ActiveCfg = Release|Any CPU
		{B061787B-490A-4F2F-8E7E-85C637D8C0EF}.Release|x64.Build.0 = Release|Any CPU
		{B061787B-490A-4F2F-8E7E-85C637D8C0EF}.Release|x86.ActiveCfg = Release|Any CPU
		{B061787B-490A-4F2F-8E7E-85C637D8C0EF}.Release|x86.Build.0 = Release|Any CPU
		{4197CB7C-0F5E-49EB-9073-70BFD2C9D33C}.Debug|Any CPU.ActiveCfg = Debug|Any CPU
		{4197CB7C-0F5E-49EB-9073-70BFD2C9D33C}.Debug|Any CPU.Build.0 = Debug|Any CPU
		{4197CB7C-0F5E-49EB-9073-70BFD2C9D33C}.Debug|x64.ActiveCfg = Debug|Any CPU
		{4197CB7C-0F5E-49EB-9073-70BFD2C9D33C}.Debug|x64.Build.0 = Debug|Any CPU
		{4197CB7C-0F5E-49EB-9073-70BFD2C9D33C}.Debug|x86.ActiveCfg = Debug|Any CPU
		{4197CB7C-0F5E-49EB-9073-70BFD2C9D33C}.Debug|x86.Build.0 = Debug|Any CPU
		{4197CB7C-0F5E-49EB-9073-70BFD2C9D33C}.Release|Any CPU.ActiveCfg = Release|Any CPU
		{4197CB7C-0F5E-49EB-9073-70BFD2C9D33C}.Release|Any CPU.Build.0 = Release|Any CPU
		{4197CB7C-0F5E-49EB-9073-70BFD2C9D33C}.Release|x64.ActiveCfg = Release|Any CPU
		{4197CB7C-0F5E-49EB-9073-70BFD2C9D33C}.Release|x64.Build.0 = Release|Any CPU
		{4197CB7C-0F5E-49EB-9073-70BFD2C9D33C}.Release|x86.ActiveCfg = Release|Any CPU
		{4197CB7C-0F5E-49EB-9073-70BFD2C9D33C}.Release|x86.Build.0 = Release|Any CPU
		{5FD6D379-3F14-4814-A46B-9C608963B1A6}.Debug|Any CPU.ActiveCfg = Debug|Any CPU
		{5FD6D379-3F14-4814-A46B-9C608963B1A6}.Debug|Any CPU.Build.0 = Debug|Any CPU
		{5FD6D379-3F14-4814-A46B-9C608963B1A6}.Debug|x64.ActiveCfg = Debug|Any CPU
		{5FD6D379-3F14-4814-A46B-9C608963B1A6}.Debug|x64.Build.0 = Debug|Any CPU
		{5FD6D379-3F14-4814-A46B-9C608963B1A6}.Debug|x86.ActiveCfg = Debug|Any CPU
		{5FD6D379-3F14-4814-A46B-9C608963B1A6}.Debug|x86.Build.0 = Debug|Any CPU
		{5FD6D379-3F14-4814-A46B-9C608963B1A6}.Release|Any CPU.ActiveCfg = Release|Any CPU
		{5FD6D379-3F14-4814-A46B-9C608963B1A6}.Release|Any CPU.Build.0 = Release|Any CPU
		{5FD6D379-3F14-4814-A46B-9C608963B1A6}.Release|x64.ActiveCfg = Release|Any CPU
		{5FD6D379-3F14-4814-A46B-9C608963B1A6}.Release|x64.Build.0 = Release|Any CPU
		{5FD6D379-3F14-4814-A46B-9C608963B1A6}.Release|x86.ActiveCfg = Release|Any CPU
		{5FD6D379-3F14-4814-A46B-9C608963B1A6}.Release|x86.Build.0 = Release|Any CPU
		{B4B69A4E-B194-484D-8AED-F784CFC49813}.Debug|Any CPU.ActiveCfg = Debug|Any CPU
		{B4B69A4E-B194-484D-8AED-F784CFC49813}.Debug|Any CPU.Build.0 = Debug|Any CPU
		{B4B69A4E-B194-484D-8AED-F784CFC49813}.Debug|x64.ActiveCfg = Debug|Any CPU
		{B4B69A4E-B194-484D-8AED-F784CFC49813}.Debug|x64.Build.0 = Debug|Any CPU
		{B4B69A4E-B194-484D-8AED-F784CFC49813}.Debug|x86.ActiveCfg = Debug|Any CPU
		{B4B69A4E-B194-484D-8AED-F784CFC49813}.Debug|x86.Build.0 = Debug|Any CPU
		{B4B69A4E-B194-484D-8AED-F784CFC49813}.Release|Any CPU.ActiveCfg = Release|Any CPU
		{B4B69A4E-B194-484D-8AED-F784CFC49813}.Release|Any CPU.Build.0 = Release|Any CPU
		{B4B69A4E-B194-484D-8AED-F784CFC49813}.Release|x64.ActiveCfg = Release|Any CPU
		{B4B69A4E-B194-484D-8AED-F784CFC49813}.Release|x64.Build.0 = Release|Any CPU
		{B4B69A4E-B194-484D-8AED-F784CFC49813}.Release|x86.ActiveCfg = Release|Any CPU
		{B4B69A4E-B194-484D-8AED-F784CFC49813}.Release|x86.Build.0 = Release|Any CPU
		{6EF0329D-6FEE-48BA-AADE-2B6687009CDA}.Debug|Any CPU.ActiveCfg = Debug|Any CPU
		{6EF0329D-6FEE-48BA-AADE-2B6687009CDA}.Debug|Any CPU.Build.0 = Debug|Any CPU
		{6EF0329D-6FEE-48BA-AADE-2B6687009CDA}.Debug|x64.ActiveCfg = Debug|Any CPU
		{6EF0329D-6FEE-48BA-AADE-2B6687009CDA}.Debug|x64.Build.0 = Debug|Any CPU
		{6EF0329D-6FEE-48BA-AADE-2B6687009CDA}.Debug|x86.ActiveCfg = Debug|Any CPU
		{6EF0329D-6FEE-48BA-AADE-2B6687009CDA}.Debug|x86.Build.0 = Debug|Any CPU
		{6EF0329D-6FEE-48BA-AADE-2B6687009CDA}.Release|Any CPU.ActiveCfg = Release|Any CPU
		{6EF0329D-6FEE-48BA-AADE-2B6687009CDA}.Release|Any CPU.Build.0 = Release|Any CPU
		{6EF0329D-6FEE-48BA-AADE-2B6687009CDA}.Release|x64.ActiveCfg = Release|Any CPU
		{6EF0329D-6FEE-48BA-AADE-2B6687009CDA}.Release|x64.Build.0 = Release|Any CPU
		{6EF0329D-6FEE-48BA-AADE-2B6687009CDA}.Release|x86.ActiveCfg = Release|Any CPU
		{6EF0329D-6FEE-48BA-AADE-2B6687009CDA}.Release|x86.Build.0 = Release|Any CPU
		{6BF1C01B-39B4-4E36-BD57-94503D69B965}.Debug|Any CPU.ActiveCfg = Debug|Any CPU
		{6BF1C01B-39B4-4E36-BD57-94503D69B965}.Debug|Any CPU.Build.0 = Debug|Any CPU
		{6BF1C01B-39B4-4E36-BD57-94503D69B965}.Debug|x64.ActiveCfg = Debug|Any CPU
		{6BF1C01B-39B4-4E36-BD57-94503D69B965}.Debug|x64.Build.0 = Debug|Any CPU
		{6BF1C01B-39B4-4E36-BD57-94503D69B965}.Debug|x86.ActiveCfg = Debug|Any CPU
		{6BF1C01B-39B4-4E36-BD57-94503D69B965}.Debug|x86.Build.0 = Debug|Any CPU
		{6BF1C01B-39B4-4E36-BD57-94503D69B965}.Release|Any CPU.ActiveCfg = Release|Any CPU
		{6BF1C01B-39B4-4E36-BD57-94503D69B965}.Release|Any CPU.Build.0 = Release|Any CPU
		{6BF1C01B-39B4-4E36-BD57-94503D69B965}.Release|x64.ActiveCfg = Release|Any CPU
		{6BF1C01B-39B4-4E36-BD57-94503D69B965}.Release|x64.Build.0 = Release|Any CPU
		{6BF1C01B-39B4-4E36-BD57-94503D69B965}.Release|x86.ActiveCfg = Release|Any CPU
		{6BF1C01B-39B4-4E36-BD57-94503D69B965}.Release|x86.Build.0 = Release|Any CPU
		{556BEAB1-6FBA-4652-BFA2-DF268A7A825E}.Debug|Any CPU.ActiveCfg = Debug|Any CPU
		{556BEAB1-6FBA-4652-BFA2-DF268A7A825E}.Debug|Any CPU.Build.0 = Debug|Any CPU
		{556BEAB1-6FBA-4652-BFA2-DF268A7A825E}.Debug|x64.ActiveCfg = Debug|Any CPU
		{556BEAB1-6FBA-4652-BFA2-DF268A7A825E}.Debug|x64.Build.0 = Debug|Any CPU
		{556BEAB1-6FBA-4652-BFA2-DF268A7A825E}.Debug|x86.ActiveCfg = Debug|Any CPU
		{556BEAB1-6FBA-4652-BFA2-DF268A7A825E}.Debug|x86.Build.0 = Debug|Any CPU
		{556BEAB1-6FBA-4652-BFA2-DF268A7A825E}.Release|Any CPU.ActiveCfg = Release|Any CPU
		{556BEAB1-6FBA-4652-BFA2-DF268A7A825E}.Release|Any CPU.Build.0 = Release|Any CPU
		{556BEAB1-6FBA-4652-BFA2-DF268A7A825E}.Release|x64.ActiveCfg = Release|Any CPU
		{556BEAB1-6FBA-4652-BFA2-DF268A7A825E}.Release|x64.Build.0 = Release|Any CPU
		{556BEAB1-6FBA-4652-BFA2-DF268A7A825E}.Release|x86.ActiveCfg = Debug|Any CPU
		{556BEAB1-6FBA-4652-BFA2-DF268A7A825E}.Release|x86.Build.0 = Debug|Any CPU
		{94DB9669-8631-4782-A8AA-A22E71F70006}.Debug|Any CPU.ActiveCfg = Debug|Any CPU
		{94DB9669-8631-4782-A8AA-A22E71F70006}.Debug|Any CPU.Build.0 = Debug|Any CPU
		{94DB9669-8631-4782-A8AA-A22E71F70006}.Debug|x64.ActiveCfg = Debug|Any CPU
		{94DB9669-8631-4782-A8AA-A22E71F70006}.Debug|x64.Build.0 = Debug|Any CPU
		{94DB9669-8631-4782-A8AA-A22E71F70006}.Debug|x86.ActiveCfg = Debug|Any CPU
		{94DB9669-8631-4782-A8AA-A22E71F70006}.Debug|x86.Build.0 = Debug|Any CPU
		{94DB9669-8631-4782-A8AA-A22E71F70006}.Release|Any CPU.ActiveCfg = Release|Any CPU
		{94DB9669-8631-4782-A8AA-A22E71F70006}.Release|Any CPU.Build.0 = Release|Any CPU
		{94DB9669-8631-4782-A8AA-A22E71F70006}.Release|x64.ActiveCfg = Release|Any CPU
		{94DB9669-8631-4782-A8AA-A22E71F70006}.Release|x64.Build.0 = Release|Any CPU
		{94DB9669-8631-4782-A8AA-A22E71F70006}.Release|x86.ActiveCfg = Release|Any CPU
		{94DB9669-8631-4782-A8AA-A22E71F70006}.Release|x86.Build.0 = Release|Any CPU
		{7CBF785B-1587-49EA-A5E2-51927C9BC90E}.Debug|Any CPU.ActiveCfg = Debug|Any CPU
		{7CBF785B-1587-49EA-A5E2-51927C9BC90E}.Debug|Any CPU.Build.0 = Debug|Any CPU
		{7CBF785B-1587-49EA-A5E2-51927C9BC90E}.Debug|x64.ActiveCfg = Debug|Any CPU
		{7CBF785B-1587-49EA-A5E2-51927C9BC90E}.Debug|x64.Build.0 = Debug|Any CPU
		{7CBF785B-1587-49EA-A5E2-51927C9BC90E}.Debug|x86.ActiveCfg = Debug|Any CPU
		{7CBF785B-1587-49EA-A5E2-51927C9BC90E}.Debug|x86.Build.0 = Debug|Any CPU
		{7CBF785B-1587-49EA-A5E2-51927C9BC90E}.Release|Any CPU.ActiveCfg = Release|Any CPU
		{7CBF785B-1587-49EA-A5E2-51927C9BC90E}.Release|Any CPU.Build.0 = Release|Any CPU
		{7CBF785B-1587-49EA-A5E2-51927C9BC90E}.Release|x64.ActiveCfg = Release|Any CPU
		{7CBF785B-1587-49EA-A5E2-51927C9BC90E}.Release|x64.Build.0 = Release|Any CPU
		{7CBF785B-1587-49EA-A5E2-51927C9BC90E}.Release|x86.ActiveCfg = Release|Any CPU
		{7CBF785B-1587-49EA-A5E2-51927C9BC90E}.Release|x86.Build.0 = Release|Any CPU
		{EB9050E7-4C61-4782-BE5C-1693D6022087}.Debug|Any CPU.ActiveCfg = Debug|Any CPU
		{EB9050E7-4C61-4782-BE5C-1693D6022087}.Debug|Any CPU.Build.0 = Debug|Any CPU
		{EB9050E7-4C61-4782-BE5C-1693D6022087}.Debug|x64.ActiveCfg = Debug|Any CPU
		{EB9050E7-4C61-4782-BE5C-1693D6022087}.Debug|x64.Build.0 = Debug|Any CPU
		{EB9050E7-4C61-4782-BE5C-1693D6022087}.Debug|x86.ActiveCfg = Debug|Any CPU
		{EB9050E7-4C61-4782-BE5C-1693D6022087}.Debug|x86.Build.0 = Debug|Any CPU
		{EB9050E7-4C61-4782-BE5C-1693D6022087}.Release|Any CPU.ActiveCfg = Release|Any CPU
		{EB9050E7-4C61-4782-BE5C-1693D6022087}.Release|Any CPU.Build.0 = Release|Any CPU
		{EB9050E7-4C61-4782-BE5C-1693D6022087}.Release|x64.ActiveCfg = Release|Any CPU
		{EB9050E7-4C61-4782-BE5C-1693D6022087}.Release|x64.Build.0 = Release|Any CPU
		{EB9050E7-4C61-4782-BE5C-1693D6022087}.Release|x86.ActiveCfg = Release|Any CPU
		{EB9050E7-4C61-4782-BE5C-1693D6022087}.Release|x86.Build.0 = Release|Any CPU
	EndGlobalSection
	GlobalSection(SolutionProperties) = preSolution
		HideSolutionNode = FALSE
	EndGlobalSection
	GlobalSection(NestedProjects) = preSolution
		{B061787B-490A-4F2F-8E7E-85C637D8C0EF} = {827E0CD3-B72D-47B6-A68D-7590B98EB39B}
		{4197CB7C-0F5E-49EB-9073-70BFD2C9D33C} = {827E0CD3-B72D-47B6-A68D-7590B98EB39B}
		{5FD6D379-3F14-4814-A46B-9C608963B1A6} = {827E0CD3-B72D-47B6-A68D-7590B98EB39B}
		{B4B69A4E-B194-484D-8AED-F784CFC49813} = {827E0CD3-B72D-47B6-A68D-7590B98EB39B}
		{6EF0329D-6FEE-48BA-AADE-2B6687009CDA} = {827E0CD3-B72D-47B6-A68D-7590B98EB39B}
		{6BF1C01B-39B4-4E36-BD57-94503D69B965} = {827E0CD3-B72D-47B6-A68D-7590B98EB39B}
		{556BEAB1-6FBA-4652-BFA2-DF268A7A825E} = {827E0CD3-B72D-47B6-A68D-7590B98EB39B}
		{94DB9669-8631-4782-A8AA-A22E71F70006} = {827E0CD3-B72D-47B6-A68D-7590B98EB39B}
		{7CBF785B-1587-49EA-A5E2-51927C9BC90E} = {827E0CD3-B72D-47B6-A68D-7590B98EB39B}
		{EB9050E7-4C61-4782-BE5C-1693D6022087} = {827E0CD3-B72D-47B6-A68D-7590B98EB39B}
	EndGlobalSection
EndGlobal
